// !$*UTF8*$!
{
	archiveVersion = 1;
	classes = {
	};
	objectVersion = 46;
	objects = {

/* Begin PBXBuildFile section */
		518267891FC7AF1800A4E1BC /* AppDelegate.swift in Sources */ = {isa = PBXBuildFile; fileRef = 518267881FC7AF1800A4E1BC /* AppDelegate.swift */; };
		5182678B1FC7AF1800A4E1BC /* ViewController.swift in Sources */ = {isa = PBXBuildFile; fileRef = 5182678A1FC7AF1800A4E1BC /* ViewController.swift */; };
		5182678E1FC7AF1800A4E1BC /* Main.storyboard in Resources */ = {isa = PBXBuildFile; fileRef = 5182678C1FC7AF1800A4E1BC /* Main.storyboard */; };
		518267911FC7AF1800A4E1BC /* GroupPhoto.xcdatamodeld in Sources */ = {isa = PBXBuildFile; fileRef = 5182678F1FC7AF1800A4E1BC /* GroupPhoto.xcdatamodeld */; };
		518267931FC7AF1800A4E1BC /* Assets.xcassets in Resources */ = {isa = PBXBuildFile; fileRef = 518267921FC7AF1800A4E1BC /* Assets.xcassets */; };
		518267961FC7AF1800A4E1BC /* LaunchScreen.storyboard in Resources */ = {isa = PBXBuildFile; fileRef = 518267941FC7AF1800A4E1BC /* LaunchScreen.storyboard */; };
/* End PBXBuildFile section */

/* Begin PBXFileReference section */
		518267851FC7AF1800A4E1BC /* GroupPhoto.app */ = {isa = PBXFileReference; explicitFileType = wrapper.application; includeInIndex = 0; path = GroupPhoto.app; sourceTree = BUILT_PRODUCTS_DIR; };
		518267881FC7AF1800A4E1BC /* AppDelegate.swift */ = {isa = PBXFileReference; lastKnownFileType = sourcecode.swift; path = AppDelegate.swift; sourceTree = "<group>"; };
		5182678A1FC7AF1800A4E1BC /* ViewController.swift */ = {isa = PBXFileReference; lastKnownFileType = sourcecode.swift; path = ViewController.swift; sourceTree = "<group>"; };
		5182678D1FC7AF1800A4E1BC /* Base */ = {isa = PBXFileReference; lastKnownFileType = file.storyboard; name = Base; path = Base.lproj/Main.storyboard; sourceTree = "<group>"; };
		518267901FC7AF1800A4E1BC /* GroupPhoto.xcdatamodel */ = {isa = PBXFileReference; lastKnownFileType = wrapper.xcdatamodel; path = GroupPhoto.xcdatamodel; sourceTree = "<group>"; };
		518267921FC7AF1800A4E1BC /* Assets.xcassets */ = {isa = PBXFileReference; lastKnownFileType = folder.assetcatalog; path = Assets.xcassets; sourceTree = "<group>"; };
		518267951FC7AF1800A4E1BC /* Base */ = {isa = PBXFileReference; lastKnownFileType = file.storyboard; name = Base; path = Base.lproj/LaunchScreen.storyboard; sourceTree = "<group>"; };
		518267971FC7AF1800A4E1BC /* Info.plist */ = {isa = PBXFileReference; lastKnownFileType = text.plist.xml; path = Info.plist; sourceTree = "<group>"; };
/* End PBXFileReference section */

/* Begin PBXFrameworksBuildPhase section */
		518267821FC7AF1800A4E1BC /* Frameworks */ = {
			isa = PBXFrameworksBuildPhase;
			buildActionMask = 2147483647;
			files = (
			);
			runOnlyForDeploymentPostprocessing = 0;
		};
/* End PBXFrameworksBuildPhase section */

/* Begin PBXGroup section */
		5182677C1FC7AF1800A4E1BC = {
			isa = PBXGroup;
			children = (
				518267871FC7AF1800A4E1BC /* GroupPhoto */,
				518267861FC7AF1800A4E1BC /* Products */,
			);
			sourceTree = "<group>";
		};
		518267861FC7AF1800A4E1BC /* Products */ = {
			isa = PBXGroup;
			children = (
				518267851FC7AF1800A4E1BC /* GroupPhoto.app */,
			);
			name = Products;
			sourceTree = "<group>";
		};
		518267871FC7AF1800A4E1BC /* GroupPhoto */ = {
			isa = PBXGroup;
			children = (
				518267881FC7AF1800A4E1BC /* AppDelegate.swift */,
				5182678A1FC7AF1800A4E1BC /* ViewController.swift */,
				5182678C1FC7AF1800A4E1BC /* Main.storyboard */,
				518267921FC7AF1800A4E1BC /* Assets.xcassets */,
				518267941FC7AF1800A4E1BC /* LaunchScreen.storyboard */,
				518267971FC7AF1800A4E1BC /* Info.plist */,
				5182678F1FC7AF1800A4E1BC /* GroupPhoto.xcdatamodeld */,
			);
			path = GroupPhoto;
			sourceTree = "<group>";
		};
/* End PBXGroup section */

/* Begin PBXNativeTarget section */
		518267841FC7AF1800A4E1BC /* GroupPhoto */ = {
			isa = PBXNativeTarget;
			buildConfigurationList = 5182679A1FC7AF1800A4E1BC /* Build configuration list for PBXNativeTarget "GroupPhoto" */;
			buildPhases = (
				518267811FC7AF1800A4E1BC /* Sources */,
				518267821FC7AF1800A4E1BC /* Frameworks */,
				518267831FC7AF1800A4E1BC /* Resources */,
			);
			buildRules = (
			);
			dependencies = (
			);
			name = GroupPhoto;
			productName = GroupPhoto;
			productReference = 518267851FC7AF1800A4E1BC /* GroupPhoto.app */;
			productType = "com.apple.product-type.application";
		};
/* End PBXNativeTarget section */

/* Begin PBXProject section */
		5182677D1FC7AF1800A4E1BC /* Project object */ = {
			isa = PBXProject;
			attributes = {
				LastSwiftUpdateCheck = 0810;
				LastUpgradeCheck = 0810;
				ORGANIZATIONNAME = "Andrew Burns";
				TargetAttributes = {
					518267841FC7AF1800A4E1BC = {
						CreatedOnToolsVersion = 8.1;
						DevelopmentTeam = 92VN998L5W;
						ProvisioningStyle = Automatic;
					};
				};
			};
			buildConfigurationList = 518267801FC7AF1800A4E1BC /* Build configuration list for PBXProject "GroupPhoto" */;
			compatibilityVersion = "Xcode 3.2";
			developmentRegion = English;
			hasScannedForEncodings = 0;
			knownRegions = (
				en,
				Base,
			);
			mainGroup = 5182677C1FC7AF1800A4E1BC;
			productRefGroup = 518267861FC7AF1800A4E1BC /* Products */;
			projectDirPath = "";
			projectRoot = "";
			targets = (
				518267841FC7AF1800A4E1BC /* GroupPhoto */,
			);
		};
/* End PBXProject section */

/* Begin PBXResourcesBuildPhase section */
		518267831FC7AF1800A4E1BC /* Resources */ = {
			isa = PBXResourcesBuildPhase;
			buildActionMask = 2147483647;
			files = (
				518267961FC7AF1800A4E1BC /* LaunchScreen.storyboard in Resources */,
				518267931FC7AF1800A4E1BC /* Assets.xcassets in Resources */,
				5182678E1FC7AF1800A4E1BC /* Main.storyboard in Resources */,
			);
			runOnlyForDeploymentPostprocessing = 0;
		};
/* End PBXResourcesBuildPhase section */

/* Begin PBXSourcesBuildPhase section */
		518267811FC7AF1800A4E1BC /* Sources */ = {
			isa = PBXSourcesBuildPhase;
			buildActionMask = 2147483647;
			files = (
				5182678B1FC7AF1800A4E1BC /* ViewController.swift in Sources */,
				518267911FC7AF1800A4E1BC /* GroupPhoto.xcdatamodeld in Sources */,
				518267891FC7AF1800A4E1BC /* AppDelegate.swift in Sources */,
			);
			runOnlyForDeploymentPostprocessing = 0;
		};
/* End PBXSourcesBuildPhase section */

/* Begin PBXVariantGroup section */
		5182678C1FC7AF1800A4E1BC /* Main.storyboard */ = {
			isa = PBXVariantGroup;
			children = (
				5182678D1FC7AF1800A4E1BC /* Base */,
			);
			name = Main.storyboard;
			sourceTree = "<group>";
		};
		518267941FC7AF1800A4E1BC /* LaunchScreen.storyboard */ = {
			isa = PBXVariantGroup;
			children = (
				518267951FC7AF1800A4E1BC /* Base */,
			);
			name = LaunchScreen.storyboard;
			sourceTree = "<group>";
		};
/* End PBXVariantGroup section */

/* Begin XCBuildConfiguration section */
		518267981FC7AF1800A4E1BC /* Debug */ = {
			isa = XCBuildConfiguration;
			buildSettings = {
				ALWAYS_SEARCH_USER_PATHS = NO;
				CLANG_ANALYZER_NONNULL = YES;
				CLANG_CXX_LANGUAGE_STANDARD = "gnu++0x";
				CLANG_CXX_LIBRARY = "libc++";
				CLANG_ENABLE_MODULES = YES;
				CLANG_ENABLE_OBJC_ARC = YES;
				CLANG_WARN_BOOL_CONVERSION = YES;
				CLANG_WARN_CONSTANT_CONVERSION = YES;
				CLANG_WARN_DIRECT_OBJC_ISA_USAGE = YES_ERROR;
				CLANG_WARN_DOCUMENTATION_COMMENTS = YES;
				CLANG_WARN_EMPTY_BODY = YES;
				CLANG_WARN_ENUM_CONVERSION = YES;
				CLANG_WARN_INFINITE_RECURSION = YES;
				CLANG_WARN_INT_CONVERSION = YES;
				CLANG_WARN_OBJC_ROOT_CLASS = YES_ERROR;
				CLANG_WARN_SUSPICIOUS_MOVES = YES;
				CLANG_WARN_UNREACHABLE_CODE = YES;
				CLANG_WARN__DUPLICATE_METHOD_MATCH = YES;
				"CODE_SIGN_IDENTITY[sdk=iphoneos*]" = "iPhone Developer";
				COPY_PHASE_STRIP = NO;
				DEBUG_INFORMATION_FORMAT = dwarf;
				ENABLE_STRICT_OBJC_MSGSEND = YES;
				ENABLE_TESTABILITY = YES;
				GCC_C_LANGUAGE_STANDARD = gnu99;
				GCC_DYNAMIC_NO_PIC = NO;
				GCC_NO_COMMON_BLOCKS = YES;
				GCC_OPTIMIZATION_LEVEL = 0;
				GCC_PREPROCESSOR_DEFINITIONS = (
					"DEBUG=1",
					"$(inherited)",
				);
				GCC_WARN_64_TO_32_BIT_CONVERSION = YES;
				GCC_WARN_ABOUT_RETURN_TYPE = YES_ERROR;
				GCC_WARN_UNDECLARED_SELECTOR = YES;
				GCC_WARN_UNINITIALIZED_AUTOS = YES_AGGRESSIVE;
				GCC_WARN_UNUSED_FUNCTION = YES;
				GCC_WARN_UNUSED_VARIABLE = YES;
				IPHONEOS_DEPLOYMENT_TARGET = 10.1;
				MTL_ENABLE_DEBUG_INFO = YES;
				ONLY_ACTIVE_ARCH = YES;
				SDKROOT = iphoneos;
				SWIFT_ACTIVE_COMPILATION_CONDITIONS = DEBUG;
				SWIFT_OPTIMIZATION_LEVEL = "-Onone";
			};
			name = Debug;
		};
		518267991FC7AF1800A4E1BC /* Release */ = {
			isa = XCBuildConfiguration;
			buildSettings = {
				ALWAYS_SEARCH_USER_PATHS = NO;
				CLANG_ANALYZER_NONNULL = YES;
				CLANG_CXX_LANGUAGE_STANDARD = "gnu++0x";
				CLANG_CXX_LIBRARY = "libc++";
				CLANG_ENABLE_MODULES = YES;
				CLANG_ENABLE_OBJC_ARC = YES;
				CLANG_WARN_BOOL_CONVERSION = YES;
				CLANG_WARN_CONSTANT_CONVERSION = YES;
				CLANG_WARN_DIRECT_OBJC_ISA_USAGE = YES_ERROR;
				CLANG_WARN_DOCUMENTATION_COMMENTS = YES;
				CLANG_WARN_EMPTY_BODY = YES;
				CLANG_WARN_ENUM_CONVERSION = YES;
				CLANG_WARN_INFINITE_RECURSION = YES;
				CLANG_WARN_INT_CONVERSION = YES;
				CLANG_WARN_OBJC_ROOT_CLASS = YES_ERROR;
				CLANG_WARN_SUSPICIOUS_MOVES = YES;
				CLANG_WARN_UNREACHABLE_CODE = YES;
				CLANG_WARN__DUPLICATE_METHOD_MATCH = YES;
				"CODE_SIGN_IDENTITY[sdk=iphoneos*]" = "iPhone Developer";
				COPY_PHASE_STRIP = NO;
				DEBUG_INFORMATION_FORMAT = "dwarf-with-dsym";
				ENABLE_NS_ASSERTIONS = NO;
				ENABLE_STRICT_OBJC_MSGSEND = YES;
				GCC_C_LANGUAGE_STANDARD = gnu99;
				GCC_NO_COMMON_BLOCKS = YES;
				GCC_WARN_64_TO_32_BIT_CONVERSION = YES;
				GCC_WARN_ABOUT_RETURN_TYPE = YES_ERROR;
				GCC_WARN_UNDECLARED_SELECTOR = YES;
				GCC_WARN_UNINITIALIZED_AUTOS = YES_AGGRESSIVE;
				GCC_WARN_UNUSED_FUNCTION = YES;
				GCC_WARN_UNUSED_VARIABLE = YES;
				IPHONEOS_DEPLOYMENT_TARGET = 10.1;
				MTL_ENABLE_DEBUG_INFO = NO;
				SDKROOT = iphoneos;
				SWIFT_OPTIMIZATION_LEVEL = "-Owholemodule";
				VALIDATE_PRODUCT = YES;
			};
			name = Release;
		};
		5182679B1FC7AF1800A4E1BC /* Debug */ = {
			isa = XCBuildConfiguration;
			buildSettings = {
				ASSETCATALOG_COMPILER_APPICON_NAME = AppIcon;
				DEVELOPMENT_TEAM = 92VN998L5W;
				INFOPLIST_FILE = GroupPhoto/Info.plist;
				LD_RUNPATH_SEARCH_PATHS = "$(inherited) @executable_path/Frameworks";
				PRODUCT_BUNDLE_IDENTIFIER = andrewburns.GroupPhoto;
				PRODUCT_NAME = "$(TARGET_NAME)";
				SWIFT_VERSION = 3.0;
			};
			name = Debug;
		};
		5182679C1FC7AF1800A4E1BC /* Release */ = {
			isa = XCBuildConfiguration;
			buildSettings = {
				ASSETCATALOG_COMPILER_APPICON_NAME = AppIcon;
				DEVELOPMENT_TEAM = 92VN998L5W;
				INFOPLIST_FILE = GroupPhoto/Info.plist;
				LD_RUNPATH_SEARCH_PATHS = "$(inherited) @executable_path/Frameworks";
				PRODUCT_BUNDLE_IDENTIFIER = andrewburns.GroupPhoto;
				PRODUCT_NAME = "$(TARGET_NAME)";
				SWIFT_VERSION = 3.0;
			};
			name = Release;
		};
/* End XCBuildConfiguration section */

/* Begin XCConfigurationList section */
		518267801FC7AF1800A4E1BC /* Build configuration list for PBXProject "GroupPhoto" */ = {
			isa = XCConfigurationList;
			buildConfigurations = (
				518267981FC7AF1800A4E1BC /* Debug */,
				518267991FC7AF1800A4E1BC /* Release */,
			);
			defaultConfigurationIsVisible = 0;
			defaultConfigurationName = Release;
		};
		5182679A1FC7AF1800A4E1BC /* Build configuration list for PBXNativeTarget "GroupPhoto" */ = {
			isa = XCConfigurationList;
			buildConfigurations = (
				5182679B1FC7AF1800A4E1BC /* Debug */,
				5182679C1FC7AF1800A4E1BC /* Release */,
			);
			defaultConfigurationIsVisible = 0;
		};
/* End XCConfigurationList section */

/* Begin XCVersionGroup section */
		5182678F1FC7AF1800A4E1BC /* GroupPhoto.xcdatamodeld */ = {
			isa = XCVersionGroup;
			children = (
				518267901FC7AF1800A4E1BC /* GroupPhoto.xcdatamodel */,
			);
			currentVersion = 518267901FC7AF1800A4E1BC /* GroupPhoto.xcdatamodel */;
			path = GroupPhoto.xcdatamodeld;
			sourceTree = "<group>";
			versionGroupType = wrapper.xcdatamodel;
		};
/* End XCVersionGroup section */
	};
	rootObject = 5182677D1FC7AF1800A4E1BC /* Project object */;
}
